
Microsoft Visual Studio Solution File, Format Version 12.00
# Visual Studio Version 17
VisualStudioVersion = 17.9.34616.47
MinimumVisualStudioVersion = 10.0.40219.1
Project("{9A19103F-16F7-4668-BE54-9A1E7A4F7556}") = "WebApp", "WebApp\WebApp.csproj", "{40D5C9C0-B3A5-4D60-8374-7F24F32218DA}"
EndProject
Project("{9A19103F-16F7-4668-BE54-9A1E7A4F7556}") = "CoreBusiness", "CoreBusiness\CoreBusiness.csproj", "{D905D4BA-BC19-49CA-8296-3085CF46A44C}"
EndProject
Project("{9A19103F-16F7-4668-BE54-9A1E7A4F7556}") = "UseCases", "UseCases\UseCases.csproj", "{A691BCD1-F285-441D-8036-944E7C8BE56A}"
EndProject
Project("{2150E333-8FDC-42A3-9474-1A3956D46DE8}") = "Plugins", "Plugins", "{6614BE4E-4E8C-45DB-A7E0-42859305998C}"
EndProject
Project("{9A19103F-16F7-4668-BE54-9A1E7A4F7556}") = "Plugins.DataStore.InMemory", "Plugins\Plugins.DataStore.InMemory\Plugins.DataStore.InMemory.csproj", "{60254203-DFD7-44C9-A4D4-3B4A5CF21D4B}"
EndProject
Project("{FAE04EC0-301F-11D3-BF4B-00C04F79EFBC}") = "Plugins.DataStore.SQL", "Plugins\Plugins.DataStore.SQL\Plugins.DataStore.SQL.csproj", "{F1591881-4F94-4D08-ADE7-486F54387CED}"
EndProject
Global
	GlobalSection(SolutionConfigurationPlatforms) = preSolution
		Debug|Any CPU = Debug|Any CPU
		Release|Any CPU = Release|Any CPU
	EndGlobalSection
	GlobalSection(ProjectConfigurationPlatforms) = postSolution
		{40D5C9C0-B3A5-4D60-8374-7F24F32218DA}.Debug|Any CPU.ActiveCfg = Debug|Any CPU
		{40D5C9C0-B3A5-4D60-8374-7F24F32218DA}.Debug|Any CPU.Build.0 = Debug|Any CPU
		{40D5C9C0-B3A5-4D60-8374-7F24F32218DA}.Release|Any CPU.ActiveCfg = Release|Any CPU
		{40D5C9C0-B3A5-4D60-8374-7F24F32218DA}.Release|Any CPU.Build.0 = Release|Any CPU
		{D905D4BA-BC19-49CA-8296-3085CF46A44C}.Debug|Any CPU.ActiveCfg = Debug|Any CPU
		{D905D4BA-BC19-49CA-8296-3085CF46A44C}.Debug|Any CPU.Build.0 = Debug|Any CPU
		{D905D4BA-BC19-49CA-8296-3085CF46A44C}.Release|Any CPU.ActiveCfg = Release|Any CPU
		{D905D4BA-BC19-49CA-8296-3085CF46A44C}.Release|Any CPU.Build.0 = Release|Any CPU
		{A691BCD1-F285-441D-8036-944E7C8BE56A}.Debug|Any CPU.ActiveCfg = Debug|Any CPU
		{A691BCD1-F285-441D-8036-944E7C8BE56A}.Debug|Any CPU.Build.0 = Debug|Any CPU
		{A691BCD1-F285-441D-8036-944E7C8BE56A}.Release|Any CPU.ActiveCfg = Release|Any CPU
		{A691BCD1-F285-441D-8036-944E7C8BE56A}.Release|Any CPU.Build.0 = Release|Any CPU
		{60254203-DFD7-44C9-A4D4-3B4A5CF21D4B}.Debug|Any CPU.ActiveCfg = Debug|Any CPU
		{60254203-DFD7-44C9-A4D4-3B4A5CF21D4B}.Debug|Any CPU.Build.0 = Debug|Any CPU
		{60254203-DFD7-44C9-A4D4-3B4A5CF21D4B}.Release|Any CPU.ActiveCfg = Release|Any CPU
		{60254203-DFD7-44C9-A4D4-3B4A5CF21D4B}.Release|Any CPU.Build.0 = Release|Any CPU
		{F1591881-4F94-4D08-ADE7-486F54387CED}.Debug|Any CPU.ActiveCfg = Debug|Any CPU
		{F1591881-4F94-4D08-ADE7-486F54387CED}.Debug|Any CPU.Build.0 = Debug|Any CPU
		{F1591881-4F94-4D08-ADE7-486F54387CED}.Release|Any CPU.ActiveCfg = Release|Any CPU
		{F1591881-4F94-4D08-ADE7-486F54387CED}.Release|Any CPU.Build.0 = Release|Any CPU
	EndGlobalSection
	GlobalSection(SolutionProperties) = preSolution
		HideSolutionNode = FALSE
	EndGlobalSection
	GlobalSection(NestedProjects) = preSolution
		{60254203-DFD7-44C9-A4D4-3B4A5CF21D4B} = {6614BE4E-4E8C-45DB-A7E0-42859305998C}
		{F1591881-4F94-4D08-ADE7-486F54387CED} = {6614BE4E-4E8C-45DB-A7E0-42859305998C}
	EndGlobalSection
	GlobalSection(ExtensibilityGlobals) = postSolution
		SolutionGuid = {6E3BE92A-8CB7-4401-BE27-B63C142C52A9}
	EndGlobalSection
EndGlobal
